// !$*UTF8*$!
{
	archiveVersion = 1;
	classes = {
	};
	objectVersion = 63;
	objects = {

/* Begin PBXBuildFile section */
		58A23E9C726548220D800346 /* README.md in Resources */ = {isa = PBXBuildFile; fileRef = 60CD58E663126BDF60DCE129 /* README.md */; };
		D54DC3F9B2E26F0B89A70DB5 /* AudioVisualizer in Frameworks */ = {isa = PBXBuildFile; productRef = 71251D1EA61B2B14080CFE96 /* AudioVisualizer */; };
		E65030867CE9273A3D807512 /* AudioVisualizerApp.swift in Sources */ = {isa = PBXBuildFile; fileRef = 87213CDD6C7202959563873F /* AudioVisualizerApp.swift */; };
		E8B0E1B95BB0EC7C989B6333 /* ScreenTestApp.swift in Sources */ = {isa = PBXBuildFile; fileRef = 36F74CDA60039FAFCF993679 /* ScreenTestApp.swift */; };
/* End PBXBuildFile section */

/* Begin PBXFileReference section */
		023B14D7C03F557E6D40AEAC /* Info.plist */ = {isa = PBXFileReference; lastKnownFileType = text.plist; path = Info.plist; sourceTree = "<group>"; };
		2A4BAA5335731393A96BEB76 /* Info.plist */ = {isa = PBXFileReference; lastKnownFileType = text.plist; path = Info.plist; sourceTree = "<group>"; };
		36F74CDA60039FAFCF993679 /* ScreenTestApp.swift */ = {isa = PBXFileReference; lastKnownFileType = sourcecode.swift; path = ScreenTestApp.swift; sourceTree = "<group>"; };
		60CD58E663126BDF60DCE129 /* README.md */ = {isa = PBXFileReference; lastKnownFileType = net.daringfireball.markdown; path = README.md; sourceTree = "<group>"; };
		87213CDD6C7202959563873F /* AudioVisualizerApp.swift */ = {isa = PBXFileReference; lastKnownFileType = sourcecode.swift; path = AudioVisualizerApp.swift; sourceTree = "<group>"; };
		A27486E1201610E2C8426B12 /* hviz_v1demo */ = {isa = PBXFileReference; lastKnownFileType = folder; name = hviz_v1demo; path = .; sourceTree = SOURCE_ROOT; };
		C276E3C8486EC0384C290ACC /* AudioVisualizerApp.app */ = {isa = PBXFileReference; explicitFileType = wrapper.application; includeInIndex = 0; path = AudioVisualizerApp.app; sourceTree = BUILT_PRODUCTS_DIR; };
		EB08917D57481CBABCE859AF /* ScreenTestApp.app */ = {isa = PBXFileReference; explicitFileType = wrapper.application; includeInIndex = 0; path = ScreenTestApp.app; sourceTree = BUILT_PRODUCTS_DIR; };
/* End PBXFileReference section */

/* Begin PBXFrameworksBuildPhase section */
		56F89CF6235E884746B1AB09 /* Frameworks */ = {
			isa = PBXFrameworksBuildPhase;
			buildActionMask = 2147483647;
			files = (
				D54DC3F9B2E26F0B89A70DB5 /* AudioVisualizer in Frameworks */,
			);
			runOnlyForDeploymentPostprocessing = 0;
		};
/* End PBXFrameworksBuildPhase section */

/* Begin PBXGroup section */
		1AF2573E7DD43060BF872E37 = {
			isa = PBXGroup;
			children = (
				891499411E9B8416DD9C222A /* AudioVisualizerApp */,
				763110CFEF1BFAF5A4FE3B19 /* Packages */,
				D1A852523E2F28E2D8AA9480 /* ScreenTestApp */,
				3D7BD11953EC96001AB119DA /* Products */,
			);
			sourceTree = "<group>";
		};
		3D7BD11953EC96001AB119DA /* Products */ = {
			isa = PBXGroup;
			children = (
				C276E3C8486EC0384C290ACC /* AudioVisualizerApp.app */,
				EB08917D57481CBABCE859AF /* ScreenTestApp.app */,
			);
			name = Products;
			sourceTree = "<group>";
		};
		763110CFEF1BFAF5A4FE3B19 /* Packages */ = {
			isa = PBXGroup;
			children = (
				A27486E1201610E2C8426B12 /* hviz_v1demo */,
			);
			name = Packages;
			sourceTree = "<group>";
		};
		891499411E9B8416DD9C222A /* AudioVisualizerApp */ = {
			isa = PBXGroup;
			children = (
				87213CDD6C7202959563873F /* AudioVisualizerApp.swift */,
				023B14D7C03F557E6D40AEAC /* Info.plist */,
			);
			path = AudioVisualizerApp;
			sourceTree = "<group>";
		};
		D1A852523E2F28E2D8AA9480 /* ScreenTestApp */ = {
			isa = PBXGroup;
			children = (
				2A4BAA5335731393A96BEB76 /* Info.plist */,
				60CD58E663126BDF60DCE129 /* README.md */,
				36F74CDA60039FAFCF993679 /* ScreenTestApp.swift */,
			);
			path = ScreenTestApp;
			sourceTree = "<group>";
		};
/* End PBXGroup section */

/* Begin PBXNativeTarget section */
		981CD0F186FD30209EDE015B /* AudioVisualizerApp */ = {
			isa = PBXNativeTarget;
			buildConfigurationList = 4748704240AC8A79D3A5255F /* Build configuration list for PBXNativeTarget "AudioVisualizerApp" */;
			buildPhases = (
				125D03D92ECF7AA1007EF6B9 /* ShellScript */,
				9FBAB4AC59222EBDBA2B5731 /* Sources */,
				56F89CF6235E884746B1AB09 /* Frameworks */,
			);
			buildRules = (
			);
			dependencies = (
			);
			name = AudioVisualizerApp;
			packageProductDependencies = (
				71251D1EA61B2B14080CFE96 /* AudioVisualizer */,
			);
			productName = AudioVisualizerApp;
			productReference = C276E3C8486EC0384C290ACC /* AudioVisualizerApp.app */;
			productType = "com.apple.product-type.application";
		};
		F98D9BA23007E31905969279 /* ScreenTestApp */ = {
			isa = PBXNativeTarget;
			buildConfigurationList = D095CA8CA5B7FD5F074BB599 /* Build configuration list for PBXNativeTarget "ScreenTestApp" */;
			buildPhases = (
				F3B05192AC287E7BBDD107E8 /* Sources */,
				1822F9ACFBA76F0216DEC6DB /* Resources */,
			);
			buildRules = (
			);
			dependencies = (
			);
			name = ScreenTestApp;
			packageProductDependencies = (
			);
			productName = ScreenTestApp;
			productReference = EB08917D57481CBABCE859AF /* ScreenTestApp.app */;
			productType = "com.apple.product-type.application";
		};
/* End PBXNativeTarget section */

/* Begin PBXProject section */
		B79E147FF795D50493E6EB6E /* Project object */ = {
			isa = PBXProject;
			attributes = {
				BuildIndependentTargetsInParallel = YES;
				LastUpgradeCheck = 1500;
			};
			buildConfigurationList = 3BF9D07E6D0FF02664553E7F /* Build configuration list for PBXProject "AudioVisualizerApp" */;
			compatibilityVersion = "Xcode 14.0";
			developmentRegion = en;
			hasScannedForEncodings = 0;
			knownRegions = (
				Base,
				en,
			);
			mainGroup = 1AF2573E7DD43060BF872E37;
			minimizedProjectReferenceProxies = 1;
			packageReferences = (
				64114E0B34872945DA643F58 /* XCRemoteSwiftPackageReference "swift-composable-architecture" */,
				182862B98CA59C99D3F2CC2B /* XCLocalSwiftPackageReference "." */,
			);
			projectDirPath = "";
			projectRoot = "";
			targets = (
				981CD0F186FD30209EDE015B /* AudioVisualizerApp */,
				F98D9BA23007E31905969279 /* ScreenTestApp */,
			);
		};
/* End PBXProject section */

/* Begin PBXResourcesBuildPhase section */
		1822F9ACFBA76F0216DEC6DB /* Resources */ = {
			isa = PBXResourcesBuildPhase;
			buildActionMask = 2147483647;
			files = (
				58A23E9C726548220D800346 /* README.md in Resources */,
			);
			runOnlyForDeploymentPostprocessing = 0;
		};
/* End PBXResourcesBuildPhase section */

/* Begin PBXShellScriptBuildPhase section */
		125D03D92ECF7AA1007EF6B9 /* ShellScript */ = {
			isa = PBXShellScriptBuildPhase;
			buildActionMask = 2147483647;
			files = (
			);
			inputFileListPaths = (
			);
			inputPaths = (
			);
			outputFileListPaths = (
			);
			outputPaths = (
			);
			runOnlyForDeploymentPostprocessing = 0;
			shellPath = /bin/sh;
			shellScript = "${SRCROOT}/Scripts/convert_hlsl_to_metal.sh\n";
		};
/* End PBXShellScriptBuildPhase section */

/* Begin PBXSourcesBuildPhase section */
		9FBAB4AC59222EBDBA2B5731 /* Sources */ = {
			isa = PBXSourcesBuildPhase;
			buildActionMask = 2147483647;
			files = (
				E65030867CE9273A3D807512 /* AudioVisualizerApp.swift in Sources */,
			);
			runOnlyForDeploymentPostprocessing = 0;
		};
		F3B05192AC287E7BBDD107E8 /* Sources */ = {
			isa = PBXSourcesBuildPhase;
			buildActionMask = 2147483647;
			files = (
				E8B0E1B95BB0EC7C989B6333 /* ScreenTestApp.swift in Sources */,
			);
			runOnlyForDeploymentPostprocessing = 0;
		};
/* End PBXSourcesBuildPhase section */

/* Begin XCBuildConfiguration section */
		42D8BA48C9DDB8AAA66DC371 /* Release */ = {
			isa = XCBuildConfiguration;
			buildSettings = {
				ASSETCATALOG_COMPILER_APPICON_NAME = AppIcon;
				CODE_SIGN_IDENTITY = "iPhone Developer";
				"CODE_SIGN_IDENTITY[sdk=macosx*]" = "Apple Development";
				DEVELOPMENT_TEAM = AX3JYKN2UL;
				INFOPLIST_FILE = AudioVisualizerApp/Info.plist;
				IPHONEOS_DEPLOYMENT_TARGET = 17.0;
				LD_RUNPATH_SEARCH_PATHS = (
					"$(inherited)",
					"@executable_path/Frameworks",
				);
				PRODUCT_BUNDLE_IDENTIFIER = com.audiovisualizer.app;
				SDKROOT = iphoneos;
				SUPPORTS_MACCATALYST = YES;
				SUPPORTS_MAC_DESIGNED_FOR_IPHONE_IPAD = YES;
				SWIFT_VERSION = 5.9;
				TARGETED_DEVICE_FAMILY = "1,2";
			};
			name = Release;
		};
		5613802C103107459601F596 /* Release */ = {
			isa = XCBuildConfiguration;
			buildSettings = {
				ALWAYS_SEARCH_USER_PATHS = NO;
				CLANG_ANALYZER_NONNULL = YES;
				CLANG_ANALYZER_NUMBER_OBJECT_CONVERSION = YES_AGGRESSIVE;
				CLANG_CXX_LANGUAGE_STANDARD = "gnu++14";
				CLANG_CXX_LIBRARY = "libc++";
				CLANG_ENABLE_MODULES = YES;
				CLANG_ENABLE_OBJC_ARC = YES;
				CLANG_ENABLE_OBJC_WEAK = YES;
				CLANG_WARN_BLOCK_CAPTURE_AUTORELEASING = YES;
				CLANG_WARN_BOOL_CONVERSION = YES;
				CLANG_WARN_COMMA = YES;
				CLANG_WARN_CONSTANT_CONVERSION = YES;
				CLANG_WARN_DEPRECATED_OBJC_IMPLEMENTATIONS = YES;
				CLANG_WARN_DIRECT_OBJC_ISA_USAGE = YES_ERROR;
				CLANG_WARN_DOCUMENTATION_COMMENTS = YES;
				CLANG_WARN_EMPTY_BODY = YES;
				CLANG_WARN_ENUM_CONVERSION = YES;
				CLANG_WARN_INFINITE_RECURSION = YES;
				CLANG_WARN_INT_CONVERSION = YES;
				CLANG_WARN_NON_LITERAL_NULL_CONVERSION = YES;
				CLANG_WARN_OBJC_IMPLICIT_RETAIN_SELF = YES;
				CLANG_WARN_OBJC_LITERAL_CONVERSION = YES;
				CLANG_WARN_OBJC_ROOT_CLASS = YES_ERROR;
				CLANG_WARN_QUOTED_INCLUDE_IN_FRAMEWORK_HEADER = YES;
				CLANG_WARN_RANGE_LOOP_ANALYSIS = YES;
				CLANG_WARN_STRICT_PROTOTYPES = YES;
				CLANG_WARN_SUSPICIOUS_MOVE = YES;
				CLANG_WARN_UNGUARDED_AVAILABILITY = YES_AGGRESSIVE;
				CLANG_WARN_UNREACHABLE_CODE = YES;
				CLANG_WARN__DUPLICATE_METHOD_MATCH = YES;
				COPY_PHASE_STRIP = NO;
				DEBUG_INFORMATION_FORMAT = "dwarf-with-dsym";
				ENABLE_NS_ASSERTIONS = NO;
				ENABLE_STRICT_OBJC_MSGSEND = YES;
				GCC_C_LANGUAGE_STANDARD = gnu11;
				GCC_NO_COMMON_BLOCKS = YES;
				GCC_WARN_64_TO_32_BIT_CONVERSION = YES;
				GCC_WARN_ABOUT_RETURN_TYPE = YES_ERROR;
				GCC_WARN_UNDECLARED_SELECTOR = YES;
				GCC_WARN_UNINITIALIZED_AUTOS = YES_AGGRESSIVE;
				GCC_WARN_UNUSED_FUNCTION = YES;
				GCC_WARN_UNUSED_VARIABLE = YES;
				IPHONEOS_DEPLOYMENT_TARGET = 17.0;
				MTL_ENABLE_DEBUG_INFO = NO;
				MTL_FAST_MATH = YES;
				PRODUCT_NAME = "$(TARGET_NAME)";
				SDKROOT = iphoneos;
				SWIFT_COMPILATION_MODE = wholemodule;
				SWIFT_OPTIMIZATION_LEVEL = "-O";
				SWIFT_VERSION = 5.0;
			};
			name = Release;
		};
		7F897915D18AFD465D2AB56B /* Release */ = {
			isa = XCBuildConfiguration;
			buildSettings = {
				ASSETCATALOG_COMPILER_APPICON_NAME = AppIcon;
				CODE_SIGN_IDENTITY = "iPhone Developer";
				DEVELOPMENT_TEAM = AX3JYKN2UL;
				INFOPLIST_FILE = ScreenTestApp/Info.plist;
				INFOPLIST_KEY_UILaunchScreen_Generation = YES;
				IPHONEOS_DEPLOYMENT_TARGET = 17.0;
				LD_RUNPATH_SEARCH_PATHS = (
					"$(inherited)",
					"@executable_path/Frameworks",
				);
				PRODUCT_BUNDLE_IDENTIFIER = com.audiovisualizer.screentest;
				SDKROOT = iphoneos;
				SWIFT_VERSION = 5.9;
				TARGETED_DEVICE_FAMILY = "1,2";
			};
			name = Release;
		};
		BA704021EEF094BCF803ECB0 /* Debug */ = {
			isa = XCBuildConfiguration;
			buildSettings = {
				ALWAYS_SEARCH_USER_PATHS = NO;
				CLANG_ANALYZER_NONNULL = YES;
				CLANG_ANALYZER_NUMBER_OBJECT_CONVERSION = YES_AGGRESSIVE;
				CLANG_CXX_LANGUAGE_STANDARD = "gnu++14";
				CLANG_CXX_LIBRARY = "libc++";
				CLANG_ENABLE_MODULES = YES;
				CLANG_ENABLE_OBJC_ARC = YES;
				CLANG_ENABLE_OBJC_WEAK = YES;
				CLANG_WARN_BLOCK_CAPTURE_AUTORELEASING = YES;
				CLANG_WARN_BOOL_CONVERSION = YES;
				CLANG_WARN_COMMA = YES;
				CLANG_WARN_CONSTANT_CONVERSION = YES;
				CLANG_WARN_DEPRECATED_OBJC_IMPLEMENTATIONS = YES;
				CLANG_WARN_DIRECT_OBJC_ISA_USAGE = YES_ERROR;
				CLANG_WARN_DOCUMENTATION_COMMENTS = YES;
				CLANG_WARN_EMPTY_BODY = YES;
				CLANG_WARN_ENUM_CONVERSION = YES;
				CLANG_WARN_INFINITE_RECURSION = YES;
				CLANG_WARN_INT_CONVERSION = YES;
				CLANG_WARN_NON_LITERAL_NULL_CONVERSION = YES;
				CLANG_WARN_OBJC_IMPLICIT_RETAIN_SELF = YES;
				CLANG_WARN_OBJC_LITERAL_CONVERSION = YES;
				CLANG_WARN_OBJC_ROOT_CLASS = YES_ERROR;
				CLANG_WARN_QUOTED_INCLUDE_IN_FRAMEWORK_HEADER = YES;
				CLANG_WARN_RANGE_LOOP_ANALYSIS = YES;
				CLANG_WARN_STRICT_PROTOTYPES = YES;
				CLANG_WARN_SUSPICIOUS_MOVE = YES;
				CLANG_WARN_UNGUARDED_AVAILABILITY = YES_AGGRESSIVE;
				CLANG_WARN_UNREACHABLE_CODE = YES;
				CLANG_WARN__DUPLICATE_METHOD_MATCH = YES;
				COPY_PHASE_STRIP = NO;
				DEBUG_INFORMATION_FORMAT = dwarf;
				ENABLE_STRICT_OBJC_MSGSEND = YES;
				ENABLE_TESTABILITY = YES;
				GCC_C_LANGUAGE_STANDARD = gnu11;
				GCC_DYNAMIC_NO_PIC = NO;
				GCC_NO_COMMON_BLOCKS = YES;
				GCC_OPTIMIZATION_LEVEL = 0;
				GCC_PREPROCESSOR_DEFINITIONS = (
					"$(inherited)",
					"DEBUG=1",
				);
				GCC_WARN_64_TO_32_BIT_CONVERSION = YES;
				GCC_WARN_ABOUT_RETURN_TYPE = YES_ERROR;
				GCC_WARN_UNDECLARED_SELECTOR = YES;
				GCC_WARN_UNINITIALIZED_AUTOS = YES_AGGRESSIVE;
				GCC_WARN_UNUSED_FUNCTION = YES;
				GCC_WARN_UNUSED_VARIABLE = YES;
				IPHONEOS_DEPLOYMENT_TARGET = 17.0;
				MTL_ENABLE_DEBUG_INFO = INCLUDE_SOURCE;
				MTL_FAST_MATH = YES;
				ONLY_ACTIVE_ARCH = YES;
				PRODUCT_NAME = "$(TARGET_NAME)";
				SDKROOT = iphoneos;
				SWIFT_ACTIVE_COMPILATION_CONDITIONS = DEBUG;
				SWIFT_OPTIMIZATION_LEVEL = "-Onone";
				SWIFT_VERSION = 5.0;
			};
			name = Debug;
		};
		D2B032C2DE9268129BAE29F2 /* Debug */ = {
			isa = XCBuildConfiguration;
			buildSettings = {
				ASSETCATALOG_COMPILER_APPICON_NAME = AppIcon;
				CODE_SIGN_IDENTITY = "iPhone Developer";
				DEVELOPMENT_TEAM = AX3JYKN2UL;
				INFOPLIST_FILE = ScreenTestApp/Info.plist;
				INFOPLIST_KEY_UILaunchScreen_Generation = YES;
				IPHONEOS_DEPLOYMENT_TARGET = 17.0;
				LD_RUNPATH_SEARCH_PATHS = (
					"$(inherited)",
					"@executable_path/Frameworks",
				);
				PRODUCT_BUNDLE_IDENTIFIER = com.audiovisualizer.screentest;
				SDKROOT = iphoneos;
				SWIFT_VERSION = 5.9;
				TARGETED_DEVICE_FAMILY = "1,2";
			};
			name = Debug;
		};
		FEE29EF6CEBC91BD06E90448 /* Debug */ = {
			isa = XCBuildConfiguration;
			buildSettings = {
				ASSETCATALOG_COMPILER_APPICON_NAME = AppIcon;
				CODE_SIGN_IDENTITY = "iPhone Developer";
				"CODE_SIGN_IDENTITY[sdk=macosx*]" = "Apple Development";
				DEVELOPMENT_TEAM = AX3JYKN2UL;
				INFOPLIST_FILE = AudioVisualizerApp/Info.plist;
				IPHONEOS_DEPLOYMENT_TARGET = 17.0;
				LD_RUNPATH_SEARCH_PATHS = (
					"$(inherited)",
					"@executable_path/Frameworks",
				);
				PRODUCT_BUNDLE_IDENTIFIER = com.audiovisualizer.app;
				SDKROOT = iphoneos;
				SUPPORTS_MACCATALYST = YES;
				SUPPORTS_MAC_DESIGNED_FOR_IPHONE_IPAD = YES;
				SWIFT_VERSION = 5.9;
				TARGETED_DEVICE_FAMILY = "1,2";
			};
			name = Debug;
		};
/* End XCBuildConfiguration section */

/* Begin XCConfigurationList section */
		3BF9D07E6D0FF02664553E7F /* Build configuration list for PBXProject "AudioVisualizerApp" */ = {
			isa = XCConfigurationList;
			buildConfigurations = (
				BA704021EEF094BCF803ECB0 /* Debug */,
				5613802C103107459601F596 /* Release */,
			);
			defaultConfigurationIsVisible = 0;
			defaultConfigurationName = Debug;
		};
		4748704240AC8A79D3A5255F /* Build configuration list for PBXNativeTarget "AudioVisualizerApp" */ = {
			isa = XCConfigurationList;
			buildConfigurations = (
				FEE29EF6CEBC91BD06E90448 /* Debug */,
				42D8BA48C9DDB8AAA66DC371 /* Release */,
			);
			defaultConfigurationIsVisible = 0;
			defaultConfigurationName = Debug;
		};
		D095CA8CA5B7FD5F074BB599 /* Build configuration list for PBXNativeTarget "ScreenTestApp" */ = {
			isa = XCConfigurationList;
			buildConfigurations = (
				D2B032C2DE9268129BAE29F2 /* Debug */,
				7F897915D18AFD465D2AB56B /* Release */,
			);
			defaultConfigurationIsVisible = 0;
			defaultConfigurationName = Debug;
		};
/* End XCConfigurationList section */

/* Begin XCLocalSwiftPackageReference section */
		182862B98CA59C99D3F2CC2B /* XCLocalSwiftPackageReference "." */ = {
			isa = XCLocalSwiftPackageReference;
			relativePath = .;
		};
/* End XCLocalSwiftPackageReference section */

/* Begin XCRemoteSwiftPackageReference section */
		64114E0B34872945DA643F58 /* XCRemoteSwiftPackageReference "swift-composable-architecture" */ = {
			isa = XCRemoteSwiftPackageReference;
			repositoryURL = "https://github.com/pointfreeco/swift-composable-architecture";
			requirement = {
				kind = upToNextMajorVersion;
				minimumVersion = 1.0.0;
			};
		};
/* End XCRemoteSwiftPackageReference section */

/* Begin XCSwiftPackageProductDependency section */
		71251D1EA61B2B14080CFE96 /* AudioVisualizer */ = {
			isa = XCSwiftPackageProductDependency;
			package = 182862B98CA59C99D3F2CC2B /* XCLocalSwiftPackageReference "." */;
			productName = AudioVisualizer;
		};
/* End XCSwiftPackageProductDependency section */
	};
	rootObject = B79E147FF795D50493E6EB6E /* Project object */;
}
